// !$*UTF8*$!
{
	archiveVersion = 1;
	classes = {
	};
	objectVersion = 46;
	objects = {

/* Begin PBXBuildFile section */
		D0EED8831A63CBC700EE7AFD /* main.m in Sources */ = {isa = PBXBuildFile; fileRef = D0EED8821A63CBC700EE7AFD /* main.m */; };
		D0EED8861A63CBC700EE7AFD /* AppDelegate.m in Sources */ = {isa = PBXBuildFile; fileRef = D0EED8851A63CBC700EE7AFD /* AppDelegate.m */; };
		D0EED8891A63CBC700EE7AFD /* ViewController.m in Sources */ = {isa = PBXBuildFile; fileRef = D0EED8881A63CBC700EE7AFD /* ViewController.m */; };
		D0EED88C1A63CBC700EE7AFD /* Main.storyboard in Resources */ = {isa = PBXBuildFile; fileRef = D0EED88A1A63CBC700EE7AFD /* Main.storyboard */; };
		D0EED88E1A63CBC700EE7AFD /* Images.xcassets in Resources */ = {isa = PBXBuildFile; fileRef = D0EED88D1A63CBC700EE7AFD /* Images.xcassets */; };
		D0EED8911A63CBC700EE7AFD /* LaunchScreen.xib in Resources */ = {isa = PBXBuildFile; fileRef = D0EED88F1A63CBC700EE7AFD /* LaunchScreen.xib */; };
		D0EED89D1A63CBC700EE7AFD /* JSDropDownMenuDemoTests.m in Sources */ = {isa = PBXBuildFile; fileRef = D0EED89C1A63CBC700EE7AFD /* JSDropDownMenuDemoTests.m */; };
		D0EED8A91A63CCB300EE7AFD /* JSDropDownMenu.m in Sources */ = {isa = PBXBuildFile; fileRef = D0EED8A81A63CCB300EE7AFD /* JSDropDownMenu.m */; };
		D0EED8AD1A64CAF300EE7AFD /* ico_make.png in Resources */ = {isa = PBXBuildFile; fileRef = D0EED8AC1A64CAF300EE7AFD /* ico_make.png */; };
/* End PBXBuildFile section */

/* Begin PBXContainerItemProxy section */
		D0EED8971A63CBC700EE7AFD /* PBXContainerItemProxy */ = {
			isa = PBXContainerItemProxy;
			containerPortal = D0EED8751A63CBC700EE7AFD /* Project object */;
			proxyType = 1;
			remoteGlobalIDString = D0EED87C1A63CBC700EE7AFD;
			remoteInfo = JSDropDownMenuDemo;
		};
/* End PBXContainerItemProxy section */

/* Begin PBXFileReference section */
		D0EED87D1A63CBC700EE7AFD /* JSDropDownMenuDemo.app */ = {isa = PBXFileReference; explicitFileType = wrapper.application; includeInIndex = 0; path = JSDropDownMenuDemo.app; sourceTree = BUILT_PRODUCTS_DIR; };
		D0EED8811A63CBC700EE7AFD /* Info.plist */ = {isa = PBXFileReference; lastKnownFileType = text.plist.xml; path = Info.plist; sourceTree = "<group>"; };
		D0EED8821A63CBC700EE7AFD /* main.m */ = {isa = PBXFileReference; lastKnownFileType = sourcecode.c.objc; path = main.m; sourceTree = "<group>"; };
		D0EED8841A63CBC700EE7AFD /* AppDelegate.h */ = {isa = PBXFileReference; lastKnownFileType = sourcecode.c.h; path = AppDelegate.h; sourceTree = "<group>"; };
		D0EED8851A63CBC700EE7AFD /* AppDelegate.m */ = {isa = PBXFileReference; lastKnownFileType = sourcecode.c.objc; path = AppDelegate.m; sourceTree = "<group>"; };
		D0EED8871A63CBC700EE7AFD /* ViewController.h */ = {isa = PBXFileReference; lastKnownFileType = sourcecode.c.h; path = ViewController.h; sourceTree = "<group>"; };
		D0EED8881A63CBC700EE7AFD /* ViewController.m */ = {isa = PBXFileReference; lastKnownFileType = sourcecode.c.objc; path = ViewController.m; sourceTree = "<group>"; };
		D0EED88B1A63CBC700EE7AFD /* Base */ = {isa = PBXFileReference; lastKnownFileType = file.storyboard; name = Base; path = Base.lproj/Main.storyboard; sourceTree = "<group>"; };
		D0EED88D1A63CBC700EE7AFD /* Images.xcassets */ = {isa = PBXFileReference; lastKnownFileType = folder.assetcatalog; path = Images.xcassets; sourceTree = "<group>"; };
		D0EED8901A63CBC700EE7AFD /* Base */ = {isa = PBXFileReference; lastKnownFileType = file.xib; name = Base; path = Base.lproj/LaunchScreen.xib; sourceTree = "<group>"; };
		D0EED8961A63CBC700EE7AFD /* JSDropDownMenuDemoTests.xctest */ = {isa = PBXFileReference; explicitFileType = wrapper.cfbundle; includeInIndex = 0; path = JSDropDownMenuDemoTests.xctest; sourceTree = BUILT_PRODUCTS_DIR; };
		D0EED89B1A63CBC700EE7AFD /* Info.plist */ = {isa = PBXFileReference; lastKnownFileType = text.plist.xml; path = Info.plist; sourceTree = "<group>"; };
		D0EED89C1A63CBC700EE7AFD /* JSDropDownMenuDemoTests.m */ = {isa = PBXFileReference; lastKnownFileType = sourcecode.c.objc; path = JSDropDownMenuDemoTests.m; sourceTree = "<group>"; };
		D0EED8A71A63CCB300EE7AFD /* JSDropDownMenu.h */ = {isa = PBXFileReference; fileEncoding = 4; lastKnownFileType = sourcecode.c.h; path = JSDropDownMenu.h; sourceTree = "<group>"; };
		D0EED8A81A63CCB300EE7AFD /* JSDropDownMenu.m */ = {isa = PBXFileReference; fileEncoding = 4; lastKnownFileType = sourcecode.c.objc; path = JSDropDownMenu.m; sourceTree = "<group>"; };
		D0EED8AC1A64CAF300EE7AFD /* ico_make.png */ = {isa = PBXFileReference; lastKnownFileType = image.png; path = ico_make.png; sourceTree = "<group>"; };
/* End PBXFileReference section */

/* Begin PBXFrameworksBuildPhase section */
		D0EED87A1A63CBC700EE7AFD /* Frameworks */ = {
			isa = PBXFrameworksBuildPhase;
			buildActionMask = 2147483647;
			files = (
			);
			runOnlyForDeploymentPostprocessing = 0;
		};
		D0EED8931A63CBC700EE7AFD /* Frameworks */ = {
			isa = PBXFrameworksBuildPhase;
			buildActionMask = 2147483647;
			files = (
			);
			runOnlyForDeploymentPostprocessing = 0;
		};
/* End PBXFrameworksBuildPhase section */

/* Begin PBXGroup section */
		D0EED8741A63CBC700EE7AFD = {
			isa = PBXGroup;
			children = (
				D0EED87F1A63CBC700EE7AFD /* JSDropDownMenuDemo */,
				D0EED8991A63CBC700EE7AFD /* JSDropDownMenuDemoTests */,
				D0EED87E1A63CBC700EE7AFD /* Products */,
			);
			sourceTree = "<group>";
		};
		D0EED87E1A63CBC700EE7AFD /* Products */ = {
			isa = PBXGroup;
			children = (
				D0EED87D1A63CBC700EE7AFD /* JSDropDownMenuDemo.app */,
				D0EED8961A63CBC700EE7AFD /* JSDropDownMenuDemoTests.xctest */,
			);
			name = Products;
			sourceTree = "<group>";
		};
		D0EED87F1A63CBC700EE7AFD /* JSDropDownMenuDemo */ = {
			isa = PBXGroup;
			children = (
				D0EED8A61A63CCB300EE7AFD /* JSDropDownMenu */,
				D0EED8841A63CBC700EE7AFD /* AppDelegate.h */,
				D0EED8851A63CBC700EE7AFD /* AppDelegate.m */,
				D0EED8871A63CBC700EE7AFD /* ViewController.h */,
				D0EED8881A63CBC700EE7AFD /* ViewController.m */,
				D0EED88A1A63CBC700EE7AFD /* Main.storyboard */,
				D0EED88D1A63CBC700EE7AFD /* Images.xcassets */,
				D0EED88F1A63CBC700EE7AFD /* LaunchScreen.xib */,
				D0EED8801A63CBC700EE7AFD /* Supporting Files */,
			);
			path = JSDropDownMenuDemo;
			sourceTree = "<group>";
		};
		D0EED8801A63CBC700EE7AFD /* Supporting Files */ = {
			isa = PBXGroup;
			children = (
				D0EED8811A63CBC700EE7AFD /* Info.plist */,
				D0EED8821A63CBC700EE7AFD /* main.m */,
			);
			name = "Supporting Files";
			sourceTree = "<group>";
		};
		D0EED8991A63CBC700EE7AFD /* JSDropDownMenuDemoTests */ = {
			isa = PBXGroup;
			children = (
				D0EED89C1A63CBC700EE7AFD /* JSDropDownMenuDemoTests.m */,
				D0EED89A1A63CBC700EE7AFD /* Supporting Files */,
			);
			path = JSDropDownMenuDemoTests;
			sourceTree = "<group>";
		};
		D0EED89A1A63CBC700EE7AFD /* Supporting Files */ = {
			isa = PBXGroup;
			children = (
				D0EED89B1A63CBC700EE7AFD /* Info.plist */,
			);
			name = "Supporting Files";
			sourceTree = "<group>";
		};
		D0EED8A61A63CCB300EE7AFD /* JSDropDownMenu */ = {
			isa = PBXGroup;
			children = (
				D0EED8AC1A64CAF300EE7AFD /* ico_make.png */,
				D0EED8A71A63CCB300EE7AFD /* JSDropDownMenu.h */,
				D0EED8A81A63CCB300EE7AFD /* JSDropDownMenu.m */,
			);
			name = JSDropDownMenu;
			path = ../../JSDropDownMenu;
			sourceTree = "<group>";
		};
/* End PBXGroup section */

/* Begin PBXNativeTarget section */
		D0EED87C1A63CBC700EE7AFD /* JSDropDownMenuDemo */ = {
			isa = PBXNativeTarget;
			buildConfigurationList = D0EED8A01A63CBC700EE7AFD /* Build configuration list for PBXNativeTarget "JSDropDownMenuDemo" */;
			buildPhases = (
				D0EED8791A63CBC700EE7AFD /* Sources */,
				D0EED87A1A63CBC700EE7AFD /* Frameworks */,
				D0EED87B1A63CBC700EE7AFD /* Resources */,
			);
			buildRules = (
			);
			dependencies = (
			);
			name = JSDropDownMenuDemo;
			productName = JSDropDownMenuDemo;
			productReference = D0EED87D1A63CBC700EE7AFD /* JSDropDownMenuDemo.app */;
			productType = "com.apple.product-type.application";
		};
		D0EED8951A63CBC700EE7AFD /* JSDropDownMenuDemoTests */ = {
			isa = PBXNativeTarget;
			buildConfigurationList = D0EED8A31A63CBC700EE7AFD /* Build configuration list for PBXNativeTarget "JSDropDownMenuDemoTests" */;
			buildPhases = (
				D0EED8921A63CBC700EE7AFD /* Sources */,
				D0EED8931A63CBC700EE7AFD /* Frameworks */,
				D0EED8941A63CBC700EE7AFD /* Resources */,
			);
			buildRules = (
			);
			dependencies = (
				D0EED8981A63CBC700EE7AFD /* PBXTargetDependency */,
			);
			name = JSDropDownMenuDemoTests;
			productName = JSDropDownMenuDemoTests;
			productReference = D0EED8961A63CBC700EE7AFD /* JSDropDownMenuDemoTests.xctest */;
			productType = "com.apple.product-type.bundle.unit-test";
		};
/* End PBXNativeTarget section */

/* Begin PBXProject section */
		D0EED8751A63CBC700EE7AFD /* Project object */ = {
			isa = PBXProject;
			attributes = {
				LastUpgradeCheck = 0610;
				ORGANIZATIONNAME = jsfu;
				TargetAttributes = {
					D0EED87C1A63CBC700EE7AFD = {
						CreatedOnToolsVersion = 6.1;
					};
					D0EED8951A63CBC700EE7AFD = {
						CreatedOnToolsVersion = 6.1;
						TestTargetID = D0EED87C1A63CBC700EE7AFD;
					};
				};
			};
			buildConfigurationList = D0EED8781A63CBC700EE7AFD /* Build configuration list for PBXProject "JSDropDownMenuDemo" */;
			compatibilityVersion = "Xcode 3.2";
			developmentRegion = English;
			hasScannedForEncodings = 0;
			knownRegions = (
				en,
				Base,
			);
			mainGroup = D0EED8741A63CBC700EE7AFD;
			productRefGroup = D0EED87E1A63CBC700EE7AFD /* Products */;
			projectDirPath = "";
			projectRoot = "";
			targets = (
				D0EED87C1A63CBC700EE7AFD /* JSDropDownMenuDemo */,
				D0EED8951A63CBC700EE7AFD /* JSDropDownMenuDemoTests */,
			);
		};
/* End PBXProject section */

/* Begin PBXResourcesBuildPhase section */
		D0EED87B1A63CBC700EE7AFD /* Resources */ = {
			isa = PBXResourcesBuildPhase;
			buildActionMask = 2147483647;
			files = (
				D0EED88C1A63CBC700EE7AFD /* Main.storyboard in Resources */,
				D0EED8911A63CBC700EE7AFD /* LaunchScreen.xib in Resources */,
				D0EED88E1A63CBC700EE7AFD /* Images.xcassets in Resources */,
				D0EED8AD1A64CAF300EE7AFD /* ico_make.png in Resources */,
			);
			runOnlyForDeploymentPostprocessing = 0;
		};
		D0EED8941A63CBC700EE7AFD /* Resources */ = {
			isa = PBXResourcesBuildPhase;
			buildActionMask = 2147483647;
			files = (
			);
			runOnlyForDeploymentPostprocessing = 0;
		};
/* End PBXResourcesBuildPhase section */

/* Begin PBXSourcesBuildPhase section */
		D0EED8791A63CBC700EE7AFD /* Sources */ = {
			isa = PBXSourcesBuildPhase;
			buildActionMask = 2147483647;
			files = (
				D0EED8891A63CBC700EE7AFD /* ViewController.m in Sources */,
				D0EED8861A63CBC700EE7AFD /* AppDelegate.m in Sources */,
				D0EED8A91A63CCB300EE7AFD /* JSDropDownMenu.m in Sources */,
				D0EED8831A63CBC700EE7AFD /* main.m in Sources */,
			);
			runOnlyForDeploymentPostprocessing = 0;
		};
		D0EED8921A63CBC700EE7AFD /* Sources */ = {
			isa = PBXSourcesBuildPhase;
			buildActionMask = 2147483647;
			files = (
				D0EED89D1A63CBC700EE7AFD /* JSDropDownMenuDemoTests.m in Sources */,
			);
			runOnlyForDeploymentPostprocessing = 0;
		};
/* End PBXSourcesBuildPhase section */

/* Begin PBXTargetDependency section */
		D0EED8981A63CBC700EE7AFD /* PBXTargetDependency */ = {
			isa = PBXTargetDependency;
			target = D0EED87C1A63CBC700EE7AFD /* JSDropDownMenuDemo */;
			targetProxy = D0EED8971A63CBC700EE7AFD /* PBXContainerItemProxy */;
		};
/* End PBXTargetDependency section */

/* Begin PBXVariantGroup section */
		D0EED88A1A63CBC700EE7AFD /* Main.storyboard */ = {
			isa = PBXVariantGroup;
			children = (
				D0EED88B1A63CBC700EE7AFD /* Base */,
			);
			name = Main.storyboard;
			sourceTree = "<group>";
		};
		D0EED88F1A63CBC700EE7AFD /* LaunchScreen.xib */ = {
			isa = PBXVariantGroup;
			children = (
				D0EED8901A63CBC700EE7AFD /* Base */,
			);
			name = LaunchScreen.xib;
			sourceTree = "<group>";
		};
/* End PBXVariantGroup section */

/* Begin XCBuildConfiguration section */
		D0EED89E1A63CBC700EE7AFD /* Debug */ = {
			isa = XCBuildConfiguration;
			buildSettings = {
				ALWAYS_SEARCH_USER_PATHS = NO;
				CLANG_CXX_LANGUAGE_STANDARD = "gnu++0x";
				CLANG_CXX_LIBRARY = "libc++";
				CLANG_ENABLE_MODULES = YES;
				CLANG_ENABLE_OBJC_ARC = YES;
				CLANG_WARN_BOOL_CONVERSION = YES;
				CLANG_WARN_CONSTANT_CONVERSION = YES;
				CLANG_WARN_DIRECT_OBJC_ISA_USAGE = YES_ERROR;
				CLANG_WARN_EMPTY_BODY = YES;
				CLANG_WARN_ENUM_CONVERSION = YES;
				CLANG_WARN_INT_CONVERSION = YES;
				CLANG_WARN_OBJC_ROOT_CLASS = YES_ERROR;
				CLANG_WARN_UNREACHABLE_CODE = YES;
				CLANG_WARN__DUPLICATE_METHOD_MATCH = YES;
				"CODE_SIGN_IDENTITY[sdk=iphoneos*]" = "iPhone Developer";
				COPY_PHASE_STRIP = NO;
				ENABLE_STRICT_OBJC_MSGSEND = YES;
				GCC_C_LANGUAGE_STANDARD = gnu99;
				GCC_DYNAMIC_NO_PIC = NO;
				GCC_OPTIMIZATION_LEVEL = 0;
				GCC_PREPROCESSOR_DEFINITIONS = (
					"DEBUG=1",
					"$(inherited)",
				);
				GCC_SYMBOLS_PRIVATE_EXTERN = NO;
				GCC_WARN_64_TO_32_BIT_CONVERSION = YES;
				GCC_WARN_ABOUT_RETURN_TYPE = YES_ERROR;
				GCC_WARN_UNDECLARED_SELECTOR = YES;
				GCC_WARN_UNINITIALIZED_AUTOS = YES_AGGRESSIVE;
				GCC_WARN_UNUSED_FUNCTION = YES;
				GCC_WARN_UNUSED_VARIABLE = YES;
				IPHONEOS_DEPLOYMENT_TARGET = 8.1;
				MTL_ENABLE_DEBUG_INFO = YES;
				ONLY_ACTIVE_ARCH = YES;
				SDKROOT = iphoneos;
			};
			name = Debug;
		};
		D0EED89F1A63CBC700EE7AFD /* Release */ = {
			isa = XCBuildConfiguration;
			buildSettings = {
				ALWAYS_SEARCH_USER_PATHS = NO;
				CLANG_CXX_LANGUAGE_STANDARD = "gnu++0x";
				CLANG_CXX_LIBRARY = "libc++";
				CLANG_ENABLE_MODULES = YES;
				CLANG_ENABLE_OBJC_ARC = YES;
				CLANG_WARN_BOOL_CONVERSION = YES;
				CLANG_WARN_CONSTANT_CONVERSION = YES;
				CLANG_WARN_DIRECT_OBJC_ISA_USAGE = YES_ERROR;
				CLANG_WARN_EMPTY_BODY = YES;
				CLANG_WARN_ENUM_CONVERSION = YES;
				CLANG_WARN_INT_CONVERSION = YES;
				CLANG_WARN_OBJC_ROOT_CLASS = YES_ERROR;
				CLANG_WARN_UNREACHABLE_CODE = YES;
				CLANG_WARN__DUPLICATE_METHOD_MATCH = YES;
				"CODE_SIGN_IDENTITY[sdk=iphoneos*]" = "iPhone Developer";
				COPY_PHASE_STRIP = YES;
				ENABLE_NS_ASSERTIONS = NO;
				ENABLE_STRICT_OBJC_MSGSEND = YES;
				GCC_C_LANGUAGE_STANDARD = gnu99;
				GCC_WARN_64_TO_32_BIT_CONVERSION = YES;
				GCC_WARN_ABOUT_RETURN_TYPE = YES_ERROR;
				GCC_WARN_UNDECLARED_SELECTOR = YES;
				GCC_WARN_UNINITIALIZED_AUTOS = YES_AGGRESSIVE;
				GCC_WARN_UNUSED_FUNCTION = YES;
				GCC_WARN_UNUSED_VARIABLE = YES;
				IPHONEOS_DEPLOYMENT_TARGET = 8.1;
				MTL_ENABLE_DEBUG_INFO = NO;
				SDKROOT = iphoneos;
				VALIDATE_PRODUCT = YES;
			};
			name = Release;
		};
		D0EED8A11A63CBC700EE7AFD /* Debug */ = {
			isa = XCBuildConfiguration;
			buildSettings = {
				ASSETCATALOG_COMPILER_APPICON_NAME = AppIcon;
				INFOPLIST_FILE = JSDropDownMenuDemo/Info.plist;
				LD_RUNPATH_SEARCH_PATHS = "$(inherited) @executable_path/Frameworks";
				PRODUCT_NAME = "$(TARGET_NAME)";
			};
			name = Debug;
		};
		D0EED8A21A63CBC700EE7AFD /* Release */ = {
			isa = XCBuildConfiguration;
			buildSettings = {
				ASSETCATALOG_COMPILER_APPICON_NAME = AppIcon;
				INFOPLIST_FILE = JSDropDownMenuDemo/Info.plist;
				LD_RUNPATH_SEARCH_PATHS = "$(inherited) @executable_path/Frameworks";
				PRODUCT_NAME = "$(TARGET_NAME)";
			};
			name = Release;
		};
		D0EED8A41A63CBC700EE7AFD /* Debug */ = {
			isa = XCBuildConfiguration;
			buildSettings = {
				BUNDLE_LOADER = "$(TEST_HOST)";
				FRAMEWORK_SEARCH_PATHS = (
					"$(SDKROOT)/Developer/Library/Frameworks",
					"$(inherited)",
				);
				GCC_PREPROCESSOR_DEFINITIONS = (
					"DEBUG=1",
					"$(inherited)",
				);
				INFOPLIST_FILE = JSDropDownMenuDemoTests/Info.plist;
				LD_RUNPATH_SEARCH_PATHS = "$(inherited) @executable_path/Frameworks @loader_path/Frameworks";
				PRODUCT_NAME = "$(TARGET_NAME)";
				TEST_HOST = "$(BUILT_PRODUCTS_DIR)/JSDropDownMenuDemo.app/JSDropDownMenuDemo";
			};
			name = Debug;
		};
		D0EED8A51A63CBC700EE7AFD /* Release */ = {
			isa = XCBuildConfiguration;
			buildSettings = {
				BUNDLE_LOADER = "$(TEST_HOST)";
				FRAMEWORK_SEARCH_PATHS = (
					"$(SDKROOT)/Developer/Library/Frameworks",
					"$(inherited)",
				);
				INFOPLIST_FILE = JSDropDownMenuDemoTests/Info.plist;
				LD_RUNPATH_SEARCH_PATHS = "$(inherited) @executable_path/Frameworks @loader_path/Frameworks";
				PRODUCT_NAME = "$(TARGET_NAME)";
				TEST_HOST = "$(BUILT_PRODUCTS_DIR)/JSDropDownMenuDemo.app/JSDropDownMenuDemo";
			};
			name = Release;
		};
/* End XCBuildConfiguration section */

/* Begin XCConfigurationList section */
		D0EED8781A63CBC700EE7AFD /* Build configuration list for PBXProject "JSDropDownMenuDemo" */ = {
			isa = XCConfigurationList;
			buildConfigurations = (
				D0EED89E1A63CBC700EE7AFD /* Debug */,
				D0EED89F1A63CBC700EE7AFD /* Release */,
			);
			defaultConfigurationIsVisible = 0;
			defaultConfigurationName = Release;
		};
		D0EED8A01A63CBC700EE7AFD /* Build configuration list for PBXNativeTarget "JSDropDownMenuDemo" */ = {
			isa = XCConfigurationList;
			buildConfigurations = (
				D0EED8A11A63CBC700EE7AFD /* Debug */,
				D0EED8A21A63CBC700EE7AFD /* Release */,
			);
			defaultConfigurationIsVisible = 0;
		};
		D0EED8A31A63CBC700EE7AFD /* Build configuration list for PBXNativeTarget "JSDropDownMenuDemoTests" */ = {
			isa = XCConfigurationList;
			buildConfigurations = (
				D0EED8A41A63CBC700EE7AFD /* Debug */,
				D0EED8A51A63CBC700EE7AFD /* Release */,
			);
			defaultConfigurationIsVisible = 0;
		};
/* End XCConfigurationList section */
	};
	rootObject = D0EED8751A63CBC700EE7AFD /* Project object */;
}
